
Microsoft Visual Studio Solution File, Format Version 12.00
# Visual Studio Version 17
VisualStudioVersion = 17.11.35312.102
MinimumVisualStudioVersion = 10.0.40219.1
Project("{FAE04EC0-301F-11D3-BF4B-00C04F79EFBC}") = "SQME_TestApp", "SQME_TestApp\SQME_TestApp.csproj", "{80E95C20-11FA-4128-A060-26D75286B553}"
EndProject
Project("{FAE04EC0-301F-11D3-BF4B-00C04F79EFBC}") = "SQME.DataAccess", "SQME.DataAccess\SQME.DataAccess.csproj", "{A5E971AF-2DEB-4970-BD0F-0BD7F2CC2B30}"
EndProject
Project("{FAE04EC0-301F-11D3-BF4B-00C04F79EFBC}") = "SQME.Models", "SQME.Models\SQME.Models.csproj", "{0AD7F098-11F3-4F25-8D08-A2A9B052CE90}"
EndProject
Global
	GlobalSection(SolutionConfigurationPlatforms) = preSolution
		Debug|Any CPU = Debug|Any CPU
		Release|Any CPU = Release|Any CPU
	EndGlobalSection
	GlobalSection(ProjectConfigurationPlatforms) = postSolution
		{80E95C20-11FA-4128-A060-26D75286B553}.Debug|Any CPU.ActiveCfg = Debug|Any CPU
		{80E95C20-11FA-4128-A060-26D75286B553}.Debug|Any CPU.Build.0 = Debug|Any CPU
		{80E95C20-11FA-4128-A060-26D75286B553}.Release|Any CPU.ActiveCfg = Release|Any CPU
		{80E95C20-11FA-4128-A060-26D75286B553}.Release|Any CPU.Build.0 = Release|Any CPU
		{A5E971AF-2DEB-4970-BD0F-0BD7F2CC2B30}.Debug|Any CPU.ActiveCfg = Debug|Any CPU
		{A5E971AF-2DEB-4970-BD0F-0BD7F2CC2B30}.Debug|Any CPU.Build.0 = Debug|Any CPU
		{A5E971AF-2DEB-4970-BD0F-0BD7F2CC2B30}.Release|Any CPU.ActiveCfg = Release|Any CPU
		{A5E971AF-2DEB-4970-BD0F-0BD7F2CC2B30}.Release|Any CPU.Build.0 = Release|Any CPU
		{0AD7F098-11F3-4F25-8D08-A2A9B052CE90}.Debug|Any CPU.ActiveCfg = Debug|Any CPU
		{0AD7F098-11F3-4F25-8D08-A2A9B052CE90}.Debug|Any CPU.Build.0 = Debug|Any CPU
		{0AD7F098-11F3-4F25-8D08-A2A9B052CE90}.Release|Any CPU.ActiveCfg = Release|Any CPU
		{0AD7F098-11F3-4F25-8D08-A2A9B052CE90}.Release|Any CPU.Build.0 = Release|Any CPU
	EndGlobalSection
	GlobalSection(SolutionProperties) = preSolution
		HideSolutionNode = FALSE
	EndGlobalSection
	GlobalSection(ExtensibilityGlobals) = postSolution
		SolutionGuid = {3272D95F-8B7C-458D-AFCB-E69C799F2352}
	EndGlobalSection
EndGlobal
